
Microsoft Visual Studio Solution File, Format Version 12.00
# Visual Studio 2015
Project("{FAE04EC0-301F-11D3-BF4B-00C04F79EFBC}") = "OngehoordCase", "OngehoordCase.csproj", "{9A39D143-A540-C57D-F6A6-E4B419C76C3C}"
EndProject
Project("{FAE04EC0-301F-11D3-BF4B-00C04F79EFBC}") = "OngehoordCase.Editor", "OngehoordCase.Editor.csproj", "{8A67F75C-8C02-DCB7-9240-1D44A2170025}"
EndProject
Global
	GlobalSection(SolutionConfigurationPlatforms) = preSolution
		Debug|Any CPU = Debug|Any CPU
		Release|Any CPU = Release|Any CPU
	EndGlobalSection
	GlobalSection(ProjectConfigurationPlatforms) = postSolution
		{9A39D143-A540-C57D-F6A6-E4B419C76C3C}.Debug|Any CPU.ActiveCfg = Debug|Any CPU
		{9A39D143-A540-C57D-F6A6-E4B419C76C3C}.Debug|Any CPU.Build.0 = Debug|Any CPU
		{9A39D143-A540-C57D-F6A6-E4B419C76C3C}.Release|Any CPU.ActiveCfg = Release|Any CPU
		{9A39D143-A540-C57D-F6A6-E4B419C76C3C}.Release|Any CPU.Build.0 = Release|Any CPU
		{8A67F75C-8C02-DCB7-9240-1D44A2170025}.Debug|Any CPU.ActiveCfg = Debug|Any CPU
		{8A67F75C-8C02-DCB7-9240-1D44A2170025}.Debug|Any CPU.Build.0 = Debug|Any CPU
		{8A67F75C-8C02-DCB7-9240-1D44A2170025}.Release|Any CPU.ActiveCfg = Release|Any CPU
		{8A67F75C-8C02-DCB7-9240-1D44A2170025}.Release|Any CPU.Build.0 = Release|Any CPU
	EndGlobalSection
	GlobalSection(SolutionProperties) = preSolution
		HideSolutionNode = FALSE
	EndGlobalSection
EndGlobal
